{
  "nodes": {
    "emacs-overlay": {
      "inputs": {
        "flake-utils": "flake-utils",
        "nixpkgs": "nixpkgs"
      },
      "locked": {
        "lastModified": 1670836048,
        "narHash": "sha256-Vd2tQbji47OoH1YPCW+Vzu3ggw1uBcAFHCK1CEBntzo=",
        "owner": "nix-community",
        "repo": "emacs-overlay",
        "rev": "61e8c3167cd2a748a7a805caca3ae5756b2b6eb5",
        "type": "github"
      },
      "original": {
        "owner": "nix-community",
        "repo": "emacs-overlay",
        "type": "github"
      }
    },
    "flake-compat": {
      "flake": false,
      "locked": {
        "lastModified": 1668681692,
        "narHash": "sha256-Ht91NGdewz8IQLtWZ9LCeNXMSXHUss+9COoqu6JLmXU=",
        "owner": "edolstra",
        "repo": "flake-compat",
        "rev": "009399224d5e398d03b22badca40a37ac85412a1",
        "type": "github"
      },
      "original": {
        "owner": "edolstra",
        "repo": "flake-compat",
        "type": "github"
      }
    },
    "flake-utils": {
      "locked": {
        "lastModified": 1667395993,
        "narHash": "sha256-nuEHfE/LcWyuSWnS8t12N1wc105Qtau+/OdUAjtQ0rA=",
        "owner": "numtide",
        "repo": "flake-utils",
        "rev": "5aed5285a952e0b949eb3ba02c12fa4fcfef535f",
        "type": "github"
      },
      "original": {
        "owner": "numtide",
        "repo": "flake-utils",
        "type": "github"
      }
    },
    "flake-utils_2": {
      "locked": {
        "lastModified": 1667395993,
        "narHash": "sha256-nuEHfE/LcWyuSWnS8t12N1wc105Qtau+/OdUAjtQ0rA=",
        "owner": "numtide",
        "repo": "flake-utils",
        "rev": "5aed5285a952e0b949eb3ba02c12fa4fcfef535f",
        "type": "github"
      },
      "original": {
        "owner": "numtide",
        "repo": "flake-utils",
        "type": "github"
      }
    },
    "home-manager": {
      "inputs": {
        "nixpkgs": [
          "nixpkgs"
        ],
        "utils": "utils"
      },
      "locked": {
        "lastModified": 1670513770,
        "narHash": "sha256-muL74fsbGA8K8WlZSPNWddOiuBnC54kAajncX6nXrh4=",
        "owner": "nix-community",
        "repo": "home-manager",
        "rev": "054d9e3187ca00479e8036dc0e92900a384f30fd",
        "type": "github"
      },
      "original": {
        "owner": "nix-community",
        "repo": "home-manager",
        "type": "github"
      }
    },
    "hyprland": {
      "inputs": {
        "hyprland-protocols": "hyprland-protocols",
        "nixpkgs": [
          "nixpkgs"
        ],
        "wlroots": "wlroots",
        "xdph": "xdph"
      },
      "locked": {
        "lastModified": 1670778902,
        "narHash": "sha256-wqzR191Dr09be31QX17qTiHwhl8WdSa3Po1ziAq4UL4=",
        "owner": "hyprwm",
        "repo": "Hyprland",
        "rev": "e8b99ae13a0525f9fbd6899fe39fe723879f86b9",
        "type": "github"
      },
      "original": {
        "owner": "hyprwm",
        "repo": "Hyprland",
        "type": "github"
      }
    },
    "hyprland-protocols": {
      "flake": false,
      "locked": {
        "lastModified": 1670258048,
        "narHash": "sha256-Lm2sXnDVZNE+taHqsqVibvPmSdu65VHvXI507KVX4lg=",
        "owner": "hyprwm",
        "repo": "hyprland-protocols",
        "rev": "0dcff94fc10df2bbb66d3e1b5a1d6cfd3ada5515",
        "type": "github"
      },
      "original": {
        "owner": "hyprwm",
        "repo": "hyprland-protocols",
        "type": "github"
      }
    },
    "hyprland-protocols_2": {
      "flake": false,
      "locked": {
        "lastModified": 1670185345,
        "narHash": "sha256-hxWGqlPecqEsE6nOHDV29KFBKePbY2Ipeac6lrChMKY=",
        "owner": "hyprwm",
        "repo": "hyprland-protocols",
        "rev": "4623a404c091e64743ba310199bb380ec52f1936",
        "type": "github"
      },
      "original": {
        "owner": "hyprwm",
        "repo": "hyprland-protocols",
        "type": "github"
      }
    },
    "neovim-flake": {
      "inputs": {
        "flake-utils": "flake-utils_2",
        "nixpkgs": [
          "neovim-nightly-overlay",
          "nixpkgs"
        ]
      },
      "locked": {
        "dir": "contrib",
        "lastModified": 1670822003,
        "narHash": "sha256-R6HNFims76a8hsIwMqPvp/tdDbfGJ8VDpFbRspK9LN8=",
        "owner": "neovim",
        "repo": "neovim",
        "rev": "3217a31f9b0eb93a9c4d01f6a15b9a104e4f56f3",
        "type": "github"
      },
      "original": {
        "dir": "contrib",
        "owner": "neovim",
        "repo": "neovim",
        "type": "github"
      }
    },
    "neovim-nightly-overlay": {
      "inputs": {
        "flake-compat": "flake-compat",
        "neovim-flake": "neovim-flake",
        "nixpkgs": "nixpkgs_2"
      },
      "locked": {
        "lastModified": 1670832942,
        "narHash": "sha256-RtDdd55YWVFbDHjdMrhMlEhL8Fw+cX9KszH2mUCus+c=",
        "owner": "nix-community",
        "repo": "neovim-nightly-overlay",
        "rev": "dc638aa84a6bf8062c326f6a267e83b7327e11c8",
        "type": "github"
      },
      "original": {
        "owner": "nix-community",
        "repo": "neovim-nightly-overlay",
        "type": "github"
      }
    },
    "nixpkgs": {
      "locked": {
        "lastModified": 1670827406,
        "narHash": "sha256-nLNk7uiLbhbvb4TVz67XK7+Ezr1zcWYDWmNrWGmEUqA=",
        "owner": "NixOS",
        "repo": "nixpkgs",
        "rev": "ffca9ffaaafb38c8979068cee98b2644bd3f14cb",
        "type": "github"
      },
      "original": {
        "id": "nixpkgs",
        "type": "indirect"
      }
    },
    "nixpkgs_2": {
      "locked": {
        "lastModified": 1670797596,
        "narHash": "sha256-lc4b690J8iiYnNToc5j39N6gt3k9lQUDxe0D6Wzuj9k=",
        "owner": "nixos",
        "repo": "nixpkgs",
        "rev": "fb83ee7d26bee200b2bd6b69df390c57dee4b6af",
        "type": "github"
      },
      "original": {
        "owner": "nixos",
        "ref": "nixpkgs-unstable",
        "repo": "nixpkgs",
        "type": "github"
      }
    },
    "nixpkgs_3": {
      "locked": {
        "lastModified": 1670751203,
        "narHash": "sha256-XdoH1v3shKDGlrwjgrNX/EN8s3c+kQV7xY6cLCE8vcI=",
        "owner": "NixOS",
        "repo": "nixpkgs",
        "rev": "64e0bf055f9d25928c31fb12924e59ff8ce71e60",
        "type": "github"
      },
      "original": {
        "id": "nixpkgs",
        "ref": "nixos-unstable",
        "type": "indirect"
      }
    },
    "root": {
      "inputs": {
        "emacs-overlay": "emacs-overlay",
        "home-manager": "home-manager",
        "hyprland": "hyprland",
        "neovim-nightly-overlay": "neovim-nightly-overlay",
        "nixpkgs": "nixpkgs_3"
      }
    },
    "utils": {
      "locked": {
        "lastModified": 1667395993,
        "narHash": "sha256-nuEHfE/LcWyuSWnS8t12N1wc105Qtau+/OdUAjtQ0rA=",
        "owner": "numtide",
        "repo": "flake-utils",
        "rev": "5aed5285a952e0b949eb3ba02c12fa4fcfef535f",
        "type": "github"
      },
      "original": {
        "owner": "numtide",
        "repo": "flake-utils",
        "type": "github"
      }
    },
    "wlroots": {
      "flake": false,
      "locked": {
        "host": "gitlab.freedesktop.org",
        "lastModified": 1669925104,
        "narHash": "sha256-xMHfW+/G9MieN/5tXHUA5/ztE8dkE093cNFTEUgcwxI=",
        "owner": "wlroots",
        "repo": "wlroots",
        "rev": "c8eb24d30e18c165728b8788a10716611c3b633d",
        "type": "gitlab"
      },
      "original": {
        "host": "gitlab.freedesktop.org",
        "owner": "wlroots",
        "repo": "wlroots",
        "type": "gitlab"
      }
    },
    "xdph": {
      "inputs": {
        "hyprland-protocols": "hyprland-protocols_2",
        "nixpkgs": [
          "hyprland",
          "nixpkgs"
        ]
      },
      "locked": {
        "lastModified": 1670593043,
        "narHash": "sha256-tsDs6FB+7PlBOt46dMQFBMH5yPY/fduf4cYbQYhauhA=",
        "owner": "hyprwm",
        "repo": "xdg-desktop-portal-hyprland",
        "rev": "5f7eecff553d82f21e049d79d8fb3f1f46568da0",
        "type": "github"
      },
      "original": {
        "owner": "hyprwm",
        "repo": "xdg-desktop-portal-hyprland",
        "type": "github"
      }
    }
  },
  "root": "root",
  "version": 7
}
