name: update-flake-lock

on:
  workflow_dispatch:
  schedule:
    - cron: '0 0 * * 1,5' # 00:00 AM on Mondays and Fridays.

jobs:
  update-flake-lock:
    runs-on: ubuntu-latest
    steps:
    - uses: actions/checkout@v3
    - uses: cachix/install-nix-action@v19
      with:
        github_access_token: ${{ secrets.GITHUB_TOKEN }}
    - run: nix flake update --commit-lock-file
    - run: nix flake check
    - run: git push
